// !$*UTF8*$!
{
	archiveVersion = 1;
	classes = {
	};
	objectVersion = 46;
	objects = {

/* Begin PBXBuildFile section */
		928BEF921C9E7F0C00F32062 /* main.m in Sources */ = {isa = PBXBuildFile; fileRef = 928BEF911C9E7F0C00F32062 /* main.m */; };
		928BEF951C9E7F0C00F32062 /* AppDelegate.m in Sources */ = {isa = PBXBuildFile; fileRef = 928BEF941C9E7F0C00F32062 /* AppDelegate.m */; };
		928BEF981C9E7F0C00F32062 /* ViewController.m in Sources */ = {isa = PBXBuildFile; fileRef = 928BEF971C9E7F0C00F32062 /* ViewController.m */; };
		928BEF9B1C9E7F0C00F32062 /* Main.storyboard in Resources */ = {isa = PBXBuildFile; fileRef = 928BEF991C9E7F0C00F32062 /* Main.storyboard */; };
		928BEF9D1C9E7F0C00F32062 /* Assets.xcassets in Resources */ = {isa = PBXBuildFile; fileRef = 928BEF9C1C9E7F0C00F32062 /* Assets.xcassets */; };
		928BEFA01C9E7F0C00F32062 /* LaunchScreen.storyboard in Resources */ = {isa = PBXBuildFile; fileRef = 928BEF9E1C9E7F0C00F32062 /* LaunchScreen.storyboard */; };
		928BEFAB1C9E7F0C00F32062 /* ____Tests.m in Sources */ = {isa = PBXBuildFile; fileRef = 928BEFAA1C9E7F0C00F32062 /* ____Tests.m */; };
		928BEFB61C9E7F0C00F32062 /* ____UITests.m in Sources */ = {isa = PBXBuildFile; fileRef = 928BEFB51C9E7F0C00F32062 /* ____UITests.m */; };
		928BEFC51C9E81E600F32062 /* SingletoPassValue.m in Sources */ = {isa = PBXBuildFile; fileRef = 928BEFC41C9E81E600F32062 /* SingletoPassValue.m */; };
		928BEFC91C9E84F300F32062 /* ViewController.xib in Resources */ = {isa = PBXBuildFile; fileRef = 928BEFC81C9E84F300F32062 /* ViewController.xib */; };
		928BEFCC1C9E8A2800F32062 /* SecondViewController.m in Sources */ = {isa = PBXBuildFile; fileRef = 928BEFCB1C9E8A2800F32062 /* SecondViewController.m */; };
		928BEFCE1C9E8A4B00F32062 /* SecondViewController.xib in Resources */ = {isa = PBXBuildFile; fileRef = 928BEFCD1C9E8A4B00F32062 /* SecondViewController.xib */; };
/* End PBXBuildFile section */

/* Begin PBXContainerItemProxy section */
		928BEFA71C9E7F0C00F32062 /* PBXContainerItemProxy */ = {
			isa = PBXContainerItemProxy;
			containerPortal = 928BEF851C9E7F0C00F32062 /* Project object */;
			proxyType = 1;
			remoteGlobalIDString = 928BEF8C1C9E7F0C00F32062;
			remoteInfo = "单例传值";
		};
		928BEFB21C9E7F0C00F32062 /* PBXContainerItemProxy */ = {
			isa = PBXContainerItemProxy;
			containerPortal = 928BEF851C9E7F0C00F32062 /* Project object */;
			proxyType = 1;
			remoteGlobalIDString = 928BEF8C1C9E7F0C00F32062;
			remoteInfo = "单例传值";
		};
/* End PBXContainerItemProxy section */

/* Begin PBXFileReference section */
		928BEF8D1C9E7F0C00F32062 /* 单例传值.app */ = {isa = PBXFileReference; explicitFileType = wrapper.application; includeInIndex = 0; path = "单例传值.app"; sourceTree = BUILT_PRODUCTS_DIR; };
		928BEF911C9E7F0C00F32062 /* main.m */ = {isa = PBXFileReference; lastKnownFileType = sourcecode.c.objc; path = main.m; sourceTree = "<group>"; };
		928BEF931C9E7F0C00F32062 /* AppDelegate.h */ = {isa = PBXFileReference; lastKnownFileType = sourcecode.c.h; path = AppDelegate.h; sourceTree = "<group>"; };
		928BEF941C9E7F0C00F32062 /* AppDelegate.m */ = {isa = PBXFileReference; lastKnownFileType = sourcecode.c.objc; path = AppDelegate.m; sourceTree = "<group>"; };
		928BEF961C9E7F0C00F32062 /* ViewController.h */ = {isa = PBXFileReference; lastKnownFileType = sourcecode.c.h; path = ViewController.h; sourceTree = "<group>"; };
		928BEF971C9E7F0C00F32062 /* ViewController.m */ = {isa = PBXFileReference; lastKnownFileType = sourcecode.c.objc; path = ViewController.m; sourceTree = "<group>"; };
		928BEF9A1C9E7F0C00F32062 /* Base */ = {isa = PBXFileReference; lastKnownFileType = file.storyboard; name = Base; path = Base.lproj/Main.storyboard; sourceTree = "<group>"; };
		928BEF9C1C9E7F0C00F32062 /* Assets.xcassets */ = {isa = PBXFileReference; lastKnownFileType = folder.assetcatalog; path = Assets.xcassets; sourceTree = "<group>"; };
		928BEF9F1C9E7F0C00F32062 /* Base */ = {isa = PBXFileReference; lastKnownFileType = file.storyboard; name = Base; path = Base.lproj/LaunchScreen.storyboard; sourceTree = "<group>"; };
		928BEFA11C9E7F0C00F32062 /* Info.plist */ = {isa = PBXFileReference; lastKnownFileType = text.plist.xml; path = Info.plist; sourceTree = "<group>"; };
		928BEFA61C9E7F0C00F32062 /* 单例传值Tests.xctest */ = {isa = PBXFileReference; explicitFileType = wrapper.cfbundle; includeInIndex = 0; path = "单例传值Tests.xctest"; sourceTree = BUILT_PRODUCTS_DIR; };
		928BEFAA1C9E7F0C00F32062 /* ____Tests.m */ = {isa = PBXFileReference; lastKnownFileType = sourcecode.c.objc; path = "____Tests.m"; sourceTree = "<group>"; };
		928BEFAC1C9E7F0C00F32062 /* Info.plist */ = {isa = PBXFileReference; lastKnownFileType = text.plist.xml; path = Info.plist; sourceTree = "<group>"; };
		928BEFB11C9E7F0C00F32062 /* 单例传值UITests.xctest */ = {isa = PBXFileReference; explicitFileType = wrapper.cfbundle; includeInIndex = 0; path = "单例传值UITests.xctest"; sourceTree = BUILT_PRODUCTS_DIR; };
		928BEFB51C9E7F0C00F32062 /* ____UITests.m */ = {isa = PBXFileReference; lastKnownFileType = sourcecode.c.objc; path = "____UITests.m"; sourceTree = "<group>"; };
		928BEFB71C9E7F0C00F32062 /* Info.plist */ = {isa = PBXFileReference; lastKnownFileType = text.plist.xml; path = Info.plist; sourceTree = "<group>"; };
		928BEFC31C9E81E600F32062 /* SingletoPassValue.h */ = {isa = PBXFileReference; fileEncoding = 4; lastKnownFileType = sourcecode.c.h; path = SingletoPassValue.h; sourceTree = "<group>"; };
		928BEFC41C9E81E600F32062 /* SingletoPassValue.m */ = {isa = PBXFileReference; fileEncoding = 4; lastKnownFileType = sourcecode.c.objc; path = SingletoPassValue.m; sourceTree = "<group>"; };
		928BEFC81C9E84F300F32062 /* ViewController.xib */ = {isa = PBXFileReference; fileEncoding = 4; lastKnownFileType = file.xib; path = ViewController.xib; sourceTree = "<group>"; };
		928BEFCA1C9E8A2800F32062 /* SecondViewController.h */ = {isa = PBXFileReference; fileEncoding = 4; lastKnownFileType = sourcecode.c.h; path = SecondViewController.h; sourceTree = "<group>"; };
		928BEFCB1C9E8A2800F32062 /* SecondViewController.m */ = {isa = PBXFileReference; fileEncoding = 4; lastKnownFileType = sourcecode.c.objc; path = SecondViewController.m; sourceTree = "<group>"; };
		928BEFCD1C9E8A4B00F32062 /* SecondViewController.xib */ = {isa = PBXFileReference; fileEncoding = 4; lastKnownFileType = file.xib; path = SecondViewController.xib; sourceTree = "<group>"; };
/* End PBXFileReference section */

/* Begin PBXFrameworksBuildPhase section */
		928BEF8A1C9E7F0C00F32062 /* Frameworks */ = {
			isa = PBXFrameworksBuildPhase;
			buildActionMask = 2147483647;
			files = (
			);
			runOnlyForDeploymentPostprocessing = 0;
		};
		928BEFA31C9E7F0C00F32062 /* Frameworks */ = {
			isa = PBXFrameworksBuildPhase;
			buildActionMask = 2147483647;
			files = (
			);
			runOnlyForDeploymentPostprocessing = 0;
		};
		928BEFAE1C9E7F0C00F32062 /* Frameworks */ = {
			isa = PBXFrameworksBuildPhase;
			buildActionMask = 2147483647;
			files = (
			);
			runOnlyForDeploymentPostprocessing = 0;
		};
/* End PBXFrameworksBuildPhase section */

/* Begin PBXGroup section */
		928BEF841C9E7F0C00F32062 = {
			isa = PBXGroup;
			children = (
				928BEF8F1C9E7F0C00F32062 /* 单例传值 */,
				928BEFA91C9E7F0C00F32062 /* 单例传值Tests */,
				928BEFB41C9E7F0C00F32062 /* 单例传值UITests */,
				928BEF8E1C9E7F0C00F32062 /* Products */,
			);
			sourceTree = "<group>";
		};
		928BEF8E1C9E7F0C00F32062 /* Products */ = {
			isa = PBXGroup;
			children = (
				928BEF8D1C9E7F0C00F32062 /* 单例传值.app */,
				928BEFA61C9E7F0C00F32062 /* 单例传值Tests.xctest */,
				928BEFB11C9E7F0C00F32062 /* 单例传值UITests.xctest */,
			);
			name = Products;
			sourceTree = "<group>";
		};
		928BEF8F1C9E7F0C00F32062 /* 单例传值 */ = {
			isa = PBXGroup;
			children = (
				928BEF931C9E7F0C00F32062 /* AppDelegate.h */,
				928BEF941C9E7F0C00F32062 /* AppDelegate.m */,
				928BEF961C9E7F0C00F32062 /* ViewController.h */,
				928BEF971C9E7F0C00F32062 /* ViewController.m */,
				928BEFCA1C9E8A2800F32062 /* SecondViewController.h */,
				928BEFCB1C9E8A2800F32062 /* SecondViewController.m */,
				928BEFCD1C9E8A4B00F32062 /* SecondViewController.xib */,
				928BEFC81C9E84F300F32062 /* ViewController.xib */,
				928BEFC31C9E81E600F32062 /* SingletoPassValue.h */,
				928BEFC41C9E81E600F32062 /* SingletoPassValue.m */,
				928BEF991C9E7F0C00F32062 /* Main.storyboard */,
				928BEF9C1C9E7F0C00F32062 /* Assets.xcassets */,
				928BEF9E1C9E7F0C00F32062 /* LaunchScreen.storyboard */,
				928BEFA11C9E7F0C00F32062 /* Info.plist */,
				928BEF901C9E7F0C00F32062 /* Supporting Files */,
			);
			path = "单例传值";
			sourceTree = "<group>";
		};
		928BEF901C9E7F0C00F32062 /* Supporting Files */ = {
			isa = PBXGroup;
			children = (
				928BEF911C9E7F0C00F32062 /* main.m */,
			);
			name = "Supporting Files";
			sourceTree = "<group>";
		};
		928BEFA91C9E7F0C00F32062 /* 单例传值Tests */ = {
			isa = PBXGroup;
			children = (
				928BEFAA1C9E7F0C00F32062 /* ____Tests.m */,
				928BEFAC1C9E7F0C00F32062 /* Info.plist */,
			);
			path = "单例传值Tests";
			sourceTree = "<group>";
		};
		928BEFB41C9E7F0C00F32062 /* 单例传值UITests */ = {
			isa = PBXGroup;
			children = (
				928BEFB51C9E7F0C00F32062 /* ____UITests.m */,
				928BEFB71C9E7F0C00F32062 /* Info.plist */,
			);
			path = "单例传值UITests";
			sourceTree = "<group>";
		};
/* End PBXGroup section */

/* Begin PBXNativeTarget section */
		928BEF8C1C9E7F0C00F32062 /* 单例传值 */ = {
			isa = PBXNativeTarget;
			buildConfigurationList = 928BEFBA1C9E7F0C00F32062 /* Build configuration list for PBXNativeTarget "单例传值" */;
			buildPhases = (
				928BEF891C9E7F0C00F32062 /* Sources */,
				928BEF8A1C9E7F0C00F32062 /* Frameworks */,
				928BEF8B1C9E7F0C00F32062 /* Resources */,
			);
			buildRules = (
			);
			dependencies = (
			);
			name = "单例传值";
			productName = "单例传值";
			productReference = 928BEF8D1C9E7F0C00F32062 /* 单例传值.app */;
			productType = "com.apple.product-type.application";
		};
		928BEFA51C9E7F0C00F32062 /* 单例传值Tests */ = {
			isa = PBXNativeTarget;
			buildConfigurationList = 928BEFBD1C9E7F0C00F32062 /* Build configuration list for PBXNativeTarget "单例传值Tests" */;
			buildPhases = (
				928BEFA21C9E7F0C00F32062 /* Sources */,
				928BEFA31C9E7F0C00F32062 /* Frameworks */,
				928BEFA41C9E7F0C00F32062 /* Resources */,
			);
			buildRules = (
			);
			dependencies = (
				928BEFA81C9E7F0C00F32062 /* PBXTargetDependency */,
			);
			name = "单例传值Tests";
			productName = "单例传值Tests";
			productReference = 928BEFA61C9E7F0C00F32062 /* 单例传值Tests.xctest */;
			productType = "com.apple.product-type.bundle.unit-test";
		};
		928BEFB01C9E7F0C00F32062 /* 单例传值UITests */ = {
			isa = PBXNativeTarget;
			buildConfigurationList = 928BEFC01C9E7F0C00F32062 /* Build configuration list for PBXNativeTarget "单例传值UITests" */;
			buildPhases = (
				928BEFAD1C9E7F0C00F32062 /* Sources */,
				928BEFAE1C9E7F0C00F32062 /* Frameworks */,
				928BEFAF1C9E7F0C00F32062 /* Resources */,
			);
			buildRules = (
			);
			dependencies = (
				928BEFB31C9E7F0C00F32062 /* PBXTargetDependency */,
			);
			name = "单例传值UITests";
			productName = "单例传值UITests";
			productReference = 928BEFB11C9E7F0C00F32062 /* 单例传值UITests.xctest */;
			productType = "com.apple.product-type.bundle.ui-testing";
		};
/* End PBXNativeTarget section */

/* Begin PBXProject section */
		928BEF851C9E7F0C00F32062 /* Project object */ = {
			isa = PBXProject;
			attributes = {
				LastUpgradeCheck = 0720;
				ORGANIZATIONNAME = doubi;
				TargetAttributes = {
					928BEF8C1C9E7F0C00F32062 = {
						CreatedOnToolsVersion = 7.2;
					};
					928BEFA51C9E7F0C00F32062 = {
						CreatedOnToolsVersion = 7.2;
						TestTargetID = 928BEF8C1C9E7F0C00F32062;
					};
					928BEFB01C9E7F0C00F32062 = {
						CreatedOnToolsVersion = 7.2;
						TestTargetID = 928BEF8C1C9E7F0C00F32062;
					};
				};
			};
			buildConfigurationList = 928BEF881C9E7F0C00F32062 /* Build configuration list for PBXProject "单例传值" */;
			compatibilityVersion = "Xcode 3.2";
			developmentRegion = English;
			hasScannedForEncodings = 0;
			knownRegions = (
				en,
				Base,
			);
			mainGroup = 928BEF841C9E7F0C00F32062;
			productRefGroup = 928BEF8E1C9E7F0C00F32062 /* Products */;
			projectDirPath = "";
			projectRoot = "";
			targets = (
				928BEF8C1C9E7F0C00F32062 /* 单例传值 */,
				928BEFA51C9E7F0C00F32062 /* 单例传值Tests */,
				928BEFB01C9E7F0C00F32062 /* 单例传值UITests */,
			);
		};
/* End PBXProject section */

/* Begin PBXResourcesBuildPhase section */
		928BEF8B1C9E7F0C00F32062 /* Resources */ = {
			isa = PBXResourcesBuildPhase;
			buildActionMask = 2147483647;
			files = (
				928BEFA01C9E7F0C00F32062 /* LaunchScreen.storyboard in Resources */,
				928BEF9D1C9E7F0C00F32062 /* Assets.xcassets in Resources */,
				928BEFC91C9E84F300F32062 /* ViewController.xib in Resources */,
				928BEF9B1C9E7F0C00F32062 /* Main.storyboard in Resources */,
				928BEFCE1C9E8A4B00F32062 /* SecondViewController.xib in Resources */,
			);
			runOnlyForDeploymentPostprocessing = 0;
		};
		928BEFA41C9E7F0C00F32062 /* Resources */ = {
			isa = PBXResourcesBuildPhase;
			buildActionMask = 2147483647;
			files = (
			);
			runOnlyForDeploymentPostprocessing = 0;
		};
		928BEFAF1C9E7F0C00F32062 /* Resources */ = {
			isa = PBXResourcesBuildPhase;
			buildActionMask = 2147483647;
			files = (
			);
			runOnlyForDeploymentPostprocessing = 0;
		};
/* End PBXResourcesBuildPhase section */

/* Begin PBXSourcesBuildPhase section */
		928BEF891C9E7F0C00F32062 /* Sources */ = {
			isa = PBXSourcesBuildPhase;
			buildActionMask = 2147483647;
			files = (
				928BEFCC1C9E8A2800F32062 /* SecondViewController.m in Sources */,
				928BEF981C9E7F0C00F32062 /* ViewController.m in Sources */,
				928BEF951C9E7F0C00F32062 /* AppDelegate.m in Sources */,
				928BEF921C9E7F0C00F32062 /* main.m in Sources */,
				928BEFC51C9E81E600F32062 /* SingletoPassValue.m in Sources */,
			);
			runOnlyForDeploymentPostprocessing = 0;
		};
		928BEFA21C9E7F0C00F32062 /* Sources */ = {
			isa = PBXSourcesBuildPhase;
			buildActionMask = 2147483647;
			files = (
				928BEFAB1C9E7F0C00F32062 /* ____Tests.m in Sources */,
			);
			runOnlyForDeploymentPostprocessing = 0;
		};
		928BEFAD1C9E7F0C00F32062 /* Sources */ = {
			isa = PBXSourcesBuildPhase;
			buildActionMask = 2147483647;
			files = (
				928BEFB61C9E7F0C00F32062 /* ____UITests.m in Sources */,
			);
			runOnlyForDeploymentPostprocessing = 0;
		};
/* End PBXSourcesBuildPhase section */

/* Begin PBXTargetDependency section */
		928BEFA81C9E7F0C00F32062 /* PBXTargetDependency */ = {
			isa = PBXTargetDependency;
			target = 928BEF8C1C9E7F0C00F32062 /* 单例传值 */;
			targetProxy = 928BEFA71C9E7F0C00F32062 /* PBXContainerItemProxy */;
		};
		928BEFB31C9E7F0C00F32062 /* PBXTargetDependency */ = {
			isa = PBXTargetDependency;
			target = 928BEF8C1C9E7F0C00F32062 /* 单例传值 */;
			targetProxy = 928BEFB21C9E7F0C00F32062 /* PBXContainerItemProxy */;
		};
/* End PBXTargetDependency section */

/* Begin PBXVariantGroup section */
		928BEF991C9E7F0C00F32062 /* Main.storyboard */ = {
			isa = PBXVariantGroup;
			children = (
				928BEF9A1C9E7F0C00F32062 /* Base */,
			);
			name = Main.storyboard;
			sourceTree = "<group>";
		};
		928BEF9E1C9E7F0C00F32062 /* LaunchScreen.storyboard */ = {
			isa = PBXVariantGroup;
			children = (
				928BEF9F1C9E7F0C00F32062 /* Base */,
			);
			name = LaunchScreen.storyboard;
			sourceTree = "<group>";
		};
/* End PBXVariantGroup section */

/* Begin XCBuildConfiguration section */
		928BEFB81C9E7F0C00F32062 /* Debug */ = {
			isa = XCBuildConfiguration;
			buildSettings = {
				ALWAYS_SEARCH_USER_PATHS = NO;
				CLANG_CXX_LANGUAGE_STANDARD = "gnu++0x";
				CLANG_CXX_LIBRARY = "libc++";
				CLANG_ENABLE_MODULES = YES;
				CLANG_ENABLE_OBJC_ARC = YES;
				CLANG_WARN_BOOL_CONVERSION = YES;
				CLANG_WARN_CONSTANT_CONVERSION = YES;
				CLANG_WARN_DIRECT_OBJC_ISA_USAGE = YES_ERROR;
				CLANG_WARN_EMPTY_BODY = YES;
				CLANG_WARN_ENUM_CONVERSION = YES;
				CLANG_WARN_INT_CONVERSION = YES;
				CLANG_WARN_OBJC_ROOT_CLASS = YES_ERROR;
				CLANG_WARN_UNREACHABLE_CODE = YES;
				CLANG_WARN__DUPLICATE_METHOD_MATCH = YES;
				"CODE_SIGN_IDENTITY[sdk=iphoneos*]" = "iPhone Developer";
				COPY_PHASE_STRIP = NO;
				DEBUG_INFORMATION_FORMAT = dwarf;
				ENABLE_STRICT_OBJC_MSGSEND = YES;
				ENABLE_TESTABILITY = YES;
				GCC_C_LANGUAGE_STANDARD = gnu99;
				GCC_DYNAMIC_NO_PIC = NO;
				GCC_NO_COMMON_BLOCKS = YES;
				GCC_OPTIMIZATION_LEVEL = 0;
				GCC_PREPROCESSOR_DEFINITIONS = (
					"DEBUG=1",
					"$(inherited)",
				);
				GCC_WARN_64_TO_32_BIT_CONVERSION = YES;
				GCC_WARN_ABOUT_RETURN_TYPE = YES_ERROR;
				GCC_WARN_UNDECLARED_SELECTOR = YES;
				GCC_WARN_UNINITIALIZED_AUTOS = YES_AGGRESSIVE;
				GCC_WARN_UNUSED_FUNCTION = YES;
				GCC_WARN_UNUSED_VARIABLE = YES;
				IPHONEOS_DEPLOYMENT_TARGET = 9.2;
				MTL_ENABLE_DEBUG_INFO = YES;
				ONLY_ACTIVE_ARCH = YES;
				SDKROOT = iphoneos;
			};
			name = Debug;
		};
		928BEFB91C9E7F0C00F32062 /* Release */ = {
			isa = XCBuildConfiguration;
			buildSettings = {
				ALWAYS_SEARCH_USER_PATHS = NO;
				CLANG_CXX_LANGUAGE_STANDARD = "gnu++0x";
				CLANG_CXX_LIBRARY = "libc++";
				CLANG_ENABLE_MODULES = YES;
				CLANG_ENABLE_OBJC_ARC = YES;
				CLANG_WARN_BOOL_CONVERSION = YES;
				CLANG_WARN_CONSTANT_CONVERSION = YES;
				CLANG_WARN_DIRECT_OBJC_ISA_USAGE = YES_ERROR;
				CLANG_WARN_EMPTY_BODY = YES;
				CLANG_WARN_ENUM_CONVERSION = YES;
				CLANG_WARN_INT_CONVERSION = YES;
				CLANG_WARN_OBJC_ROOT_CLASS = YES_ERROR;
				CLANG_WARN_UNREACHABLE_CODE = YES;
				CLANG_WARN__DUPLICATE_METHOD_MATCH = YES;
				"CODE_SIGN_IDENTITY[sdk=iphoneos*]" = "iPhone Developer";
				COPY_PHASE_STRIP = NO;
				DEBUG_INFORMATION_FORMAT = "dwarf-with-dsym";
				ENABLE_NS_ASSERTIONS = NO;
				ENABLE_STRICT_OBJC_MSGSEND = YES;
				GCC_C_LANGUAGE_STANDARD = gnu99;
				GCC_NO_COMMON_BLOCKS = YES;
				GCC_WARN_64_TO_32_BIT_CONVERSION = YES;
				GCC_WARN_ABOUT_RETURN_TYPE = YES_ERROR;
				GCC_WARN_UNDECLARED_SELECTOR = YES;
				GCC_WARN_UNINITIALIZED_AUTOS = YES_AGGRESSIVE;
				GCC_WARN_UNUSED_FUNCTION = YES;
				GCC_WARN_UNUSED_VARIABLE = YES;
				IPHONEOS_DEPLOYMENT_TARGET = 9.2;
				MTL_ENABLE_DEBUG_INFO = NO;
				SDKROOT = iphoneos;
				VALIDATE_PRODUCT = YES;
			};
			name = Release;
		};
		928BEFBB1C9E7F0C00F32062 /* Debug */ = {
			isa = XCBuildConfiguration;
			buildSettings = {
				ASSETCATALOG_COMPILER_APPICON_NAME = AppIcon;
				INFOPLIST_FILE = "单例传值/Info.plist";
				LD_RUNPATH_SEARCH_PATHS = "$(inherited) @executable_path/Frameworks";
				PRODUCT_BUNDLE_IDENTIFIER = "-.----";
				PRODUCT_NAME = "$(TARGET_NAME)";
			};
			name = Debug;
		};
		928BEFBC1C9E7F0C00F32062 /* Release */ = {
			isa = XCBuildConfiguration;
			buildSettings = {
				ASSETCATALOG_COMPILER_APPICON_NAME = AppIcon;
				INFOPLIST_FILE = "单例传值/Info.plist";
				LD_RUNPATH_SEARCH_PATHS = "$(inherited) @executable_path/Frameworks";
				PRODUCT_BUNDLE_IDENTIFIER = "-.----";
				PRODUCT_NAME = "$(TARGET_NAME)";
			};
			name = Release;
		};
		928BEFBE1C9E7F0C00F32062 /* Debug */ = {
			isa = XCBuildConfiguration;
			buildSettings = {
				BUNDLE_LOADER = "$(TEST_HOST)";
				INFOPLIST_FILE = "单例传值Tests/Info.plist";
				LD_RUNPATH_SEARCH_PATHS = "$(inherited) @executable_path/Frameworks @loader_path/Frameworks";
				PRODUCT_BUNDLE_IDENTIFIER = "-.----Tests";
				PRODUCT_NAME = "$(TARGET_NAME)";
				TEST_HOST = "$(BUILT_PRODUCTS_DIR)/单例传值.app/单例传值";
			};
			name = Debug;
		};
		928BEFBF1C9E7F0C00F32062 /* Release */ = {
			isa = XCBuildConfiguration;
			buildSettings = {
				BUNDLE_LOADER = "$(TEST_HOST)";
				INFOPLIST_FILE = "单例传值Tests/Info.plist";
				LD_RUNPATH_SEARCH_PATHS = "$(inherited) @executable_path/Frameworks @loader_path/Frameworks";
				PRODUCT_BUNDLE_IDENTIFIER = "-.----Tests";
				PRODUCT_NAME = "$(TARGET_NAME)";
				TEST_HOST = "$(BUILT_PRODUCTS_DIR)/单例传值.app/单例传值";
			};
			name = Release;
		};
		928BEFC11C9E7F0C00F32062 /* Debug */ = {
			isa = XCBuildConfiguration;
			buildSettings = {
				INFOPLIST_FILE = "单例传值UITests/Info.plist";
				LD_RUNPATH_SEARCH_PATHS = "$(inherited) @executable_path/Frameworks @loader_path/Frameworks";
				PRODUCT_BUNDLE_IDENTIFIER = "-.----UITests";
				PRODUCT_NAME = "$(TARGET_NAME)";
				TEST_TARGET_NAME = "单例传值";
				USES_XCTRUNNER = YES;
			};
			name = Debug;
		};
		928BEFC21C9E7F0C00F32062 /* Release */ = {
			isa = XCBuildConfiguration;
			buildSettings = {
				INFOPLIST_FILE = "单例传值UITests/Info.plist";
				LD_RUNPATH_SEARCH_PATHS = "$(inherited) @executable_path/Frameworks @loader_path/Frameworks";
				PRODUCT_BUNDLE_IDENTIFIER = "-.----UITests";
				PRODUCT_NAME = "$(TARGET_NAME)";
				TEST_TARGET_NAME = "单例传值";
				USES_XCTRUNNER = YES;
			};
			name = Release;
		};
/* End XCBuildConfiguration section */

/* Begin XCConfigurationList section */
		928BEF881C9E7F0C00F32062 /* Build configuration list for PBXProject "单例传值" */ = {
			isa = XCConfigurationList;
			buildConfigurations = (
				928BEFB81C9E7F0C00F32062 /* Debug */,
				928BEFB91C9E7F0C00F32062 /* Release */,
			);
			defaultConfigurationIsVisible = 0;
			defaultConfigurationName = Release;
		};
		928BEFBA1C9E7F0C00F32062 /* Build configuration list for PBXNativeTarget "单例传值" */ = {
			isa = XCConfigurationList;
			buildConfigurations = (
				928BEFBB1C9E7F0C00F32062 /* Debug */,
				928BEFBC1C9E7F0C00F32062 /* Release */,
			);
			defaultConfigurationIsVisible = 0;
		};
		928BEFBD1C9E7F0C00F32062 /* Build configuration list for PBXNativeTarget "单例传值Tests" */ = {
			isa = XCConfigurationList;
			buildConfigurations = (
				928BEFBE1C9E7F0C00F32062 /* Debug */,
				928BEFBF1C9E7F0C00F32062 /* Release */,
			);
			defaultConfigurationIsVisible = 0;
		};
		928BEFC01C9E7F0C00F32062 /* Build configuration list for PBXNativeTarget "单例传值UITests" */ = {
			isa = XCConfigurationList;
			buildConfigurations = (
				928BEFC11C9E7F0C00F32062 /* Debug */,
				928BEFC21C9E7F0C00F32062 /* Release */,
			);
			defaultConfigurationIsVisible = 0;
		};
/* End XCConfigurationList section */
	};
	rootObject = 928BEF851C9E7F0C00F32062 /* Project object */;
}
